// !$*UTF8*$!
{
	archiveVersion = 1;
	classes = {
	};
	objectVersion = 56;
	objects = {

/* Begin PBXBuildFile section */
		A71F10A92CD252540091701F /* FutureForecastView.swift in Sources */ = {isa = PBXBuildFile; fileRef = A71F10A82CD252540091701F /* FutureForecastView.swift */; };
		A77D113A2CD115C000C040BB /* NetworkError.swift in Sources */ = {isa = PBXBuildFile; fileRef = A77D11392CD115C000C040BB /* NetworkError.swift */; };
		A7B1D4B02CCAACDA007B03F5 /* WeatheringoApp.swift in Sources */ = {isa = PBXBuildFile; fileRef = A7B1D4AF2CCAACDA007B03F5 /* WeatheringoApp.swift */; };
		A7B1D4B42CCAACDB007B03F5 /* Assets.xcassets in Resources */ = {isa = PBXBuildFile; fileRef = A7B1D4B32CCAACDB007B03F5 /* Assets.xcassets */; };
		A7B1D4B72CCAACDB007B03F5 /* Preview Assets.xcassets in Resources */ = {isa = PBXBuildFile; fileRef = A7B1D4B62CCAACDB007B03F5 /* Preview Assets.xcassets */; };
		A7B1D4BE2CCAADC0007B03F5 /* MainView.swift in Sources */ = {isa = PBXBuildFile; fileRef = A7B1D4BD2CCAADC0007B03F5 /* MainView.swift */; };
		A7B1D4C02CCAAE94007B03F5 /* MainViewModel.swift in Sources */ = {isa = PBXBuildFile; fileRef = A7B1D4BF2CCAAE94007B03F5 /* MainViewModel.swift */; };
		A7B1D4C72CCAAF14007B03F5 /* NetworkManager.swift in Sources */ = {isa = PBXBuildFile; fileRef = A7B1D4C62CCAAF14007B03F5 /* NetworkManager.swift */; };
		A7B1D4CB2CCAC67C007B03F5 /* WeatherForecast.swift in Sources */ = {isa = PBXBuildFile; fileRef = A7B1D4CA2CCAC67C007B03F5 /* WeatherForecast.swift */; };
		A7EA91942CD15EE8003A7580 /* CurrentWeatherView.swift in Sources */ = {isa = PBXBuildFile; fileRef = A7EA91932CD15EE8003A7580 /* CurrentWeatherView.swift */; };
		A7EA91962CD1650C003A7580 /* DailyWeatherView.swift in Sources */ = {isa = PBXBuildFile; fileRef = A7EA91952CD1650C003A7580 /* DailyWeatherView.swift */; };
/* End PBXBuildFile section */

/* Begin PBXFileReference section */
		A71F10A82CD252540091701F /* FutureForecastView.swift */ = {isa = PBXFileReference; lastKnownFileType = sourcecode.swift; path = FutureForecastView.swift; sourceTree = "<group>"; };
		A77D11392CD115C000C040BB /* NetworkError.swift */ = {isa = PBXFileReference; lastKnownFileType = sourcecode.swift; path = NetworkError.swift; sourceTree = "<group>"; };
		A7B1D4AC2CCAACDA007B03F5 /* Weatheringo.app */ = {isa = PBXFileReference; explicitFileType = wrapper.application; includeInIndex = 0; path = Weatheringo.app; sourceTree = BUILT_PRODUCTS_DIR; };
		A7B1D4AF2CCAACDA007B03F5 /* WeatheringoApp.swift */ = {isa = PBXFileReference; lastKnownFileType = sourcecode.swift; path = WeatheringoApp.swift; sourceTree = "<group>"; };
		A7B1D4B32CCAACDB007B03F5 /* Assets.xcassets */ = {isa = PBXFileReference; lastKnownFileType = folder.assetcatalog; path = Assets.xcassets; sourceTree = "<group>"; };
		A7B1D4B62CCAACDB007B03F5 /* Preview Assets.xcassets */ = {isa = PBXFileReference; lastKnownFileType = folder.assetcatalog; path = "Preview Assets.xcassets"; sourceTree = "<group>"; };
		A7B1D4BD2CCAADC0007B03F5 /* MainView.swift */ = {isa = PBXFileReference; lastKnownFileType = sourcecode.swift; path = MainView.swift; sourceTree = "<group>"; };
		A7B1D4BF2CCAAE94007B03F5 /* MainViewModel.swift */ = {isa = PBXFileReference; lastKnownFileType = sourcecode.swift; path = MainViewModel.swift; sourceTree = "<group>"; };
		A7B1D4C62CCAAF14007B03F5 /* NetworkManager.swift */ = {isa = PBXFileReference; lastKnownFileType = sourcecode.swift; path = NetworkManager.swift; sourceTree = "<group>"; };
		A7B1D4CA2CCAC67C007B03F5 /* WeatherForecast.swift */ = {isa = PBXFileReference; lastKnownFileType = sourcecode.swift; path = WeatherForecast.swift; sourceTree = "<group>"; };
		A7EA91922CD14EB2003A7580 /* Info.plist */ = {isa = PBXFileReference; lastKnownFileType = text.plist; path = Info.plist; sourceTree = "<group>"; };
		A7EA91932CD15EE8003A7580 /* CurrentWeatherView.swift */ = {isa = PBXFileReference; lastKnownFileType = sourcecode.swift; path = CurrentWeatherView.swift; sourceTree = "<group>"; };
		A7EA91952CD1650C003A7580 /* DailyWeatherView.swift */ = {isa = PBXFileReference; lastKnownFileType = sourcecode.swift; path = DailyWeatherView.swift; sourceTree = "<group>"; };
/* End PBXFileReference section */

/* Begin PBXFrameworksBuildPhase section */
		A7B1D4A92CCAACDA007B03F5 /* Frameworks */ = {
			isa = PBXFrameworksBuildPhase;
			buildActionMask = 2147483647;
			files = (
			);
			runOnlyForDeploymentPostprocessing = 0;
		};
/* End PBXFrameworksBuildPhase section */

/* Begin PBXGroup section */
		A7B1D4A32CCAACDA007B03F5 = {
			isa = PBXGroup;
			children = (
				A7B1D4AE2CCAACDA007B03F5 /* Weatheringo */,
				A7B1D4AD2CCAACDA007B03F5 /* Products */,
			);
			sourceTree = "<group>";
		};
		A7B1D4AD2CCAACDA007B03F5 /* Products */ = {
			isa = PBXGroup;
			children = (
				A7B1D4AC2CCAACDA007B03F5 /* Weatheringo.app */,
			);
			name = Products;
			sourceTree = "<group>";
		};
		A7B1D4AE2CCAACDA007B03F5 /* Weatheringo */ = {
			isa = PBXGroup;
			children = (
				A7EA91922CD14EB2003A7580 /* Info.plist */,
				A7B1D4C12CCAAEA4007B03F5 /* App */,
				A7B1D4CC2CCAC8FE007B03F5 /* Helpers */,
				A7B1D4C52CCAAEEC007B03F5 /* Network */,
				A7B1D4C42CCAAEB9007B03F5 /* Model */,
				A7B1D4C32CCAAEB5007B03F5 /* View */,
				A7B1D4C22CCAAEAC007B03F5 /* ViewModel */,
				A7B1D4B32CCAACDB007B03F5 /* Assets.xcassets */,
				A7B1D4B52CCAACDB007B03F5 /* Preview Content */,
			);
			path = Weatheringo;
			sourceTree = "<group>";
		};
		A7B1D4B52CCAACDB007B03F5 /* Preview Content */ = {
			isa = PBXGroup;
			children = (
				A7B1D4B62CCAACDB007B03F5 /* Preview Assets.xcassets */,
			);
			path = "Preview Content";
			sourceTree = "<group>";
		};
		A7B1D4C12CCAAEA4007B03F5 /* App */ = {
			isa = PBXGroup;
			children = (
				A7B1D4AF2CCAACDA007B03F5 /* WeatheringoApp.swift */,
			);
			path = App;
			sourceTree = "<group>";
		};
		A7B1D4C22CCAAEAC007B03F5 /* ViewModel */ = {
			isa = PBXGroup;
			children = (
				A7B1D4BF2CCAAE94007B03F5 /* MainViewModel.swift */,
			);
			path = ViewModel;
			sourceTree = "<group>";
		};
		A7B1D4C32CCAAEB5007B03F5 /* View */ = {
			isa = PBXGroup;
			children = (
				A7B1D4BD2CCAADC0007B03F5 /* MainView.swift */,
				A7EA91932CD15EE8003A7580 /* CurrentWeatherView.swift */,
				A7EA91952CD1650C003A7580 /* DailyWeatherView.swift */,
				A71F10A82CD252540091701F /* FutureForecastView.swift */,
			);
			path = View;
			sourceTree = "<group>";
		};
		A7B1D4C42CCAAEB9007B03F5 /* Model */ = {
			isa = PBXGroup;
			children = (
				A7B1D4CA2CCAC67C007B03F5 /* WeatherForecast.swift */,
			);
			path = Model;
			sourceTree = "<group>";
		};
		A7B1D4C52CCAAEEC007B03F5 /* Network */ = {
			isa = PBXGroup;
			children = (
				A7B1D4C62CCAAF14007B03F5 /* NetworkManager.swift */,
				A77D11392CD115C000C040BB /* NetworkError.swift */,
			);
			path = Network;
			sourceTree = "<group>";
		};
		A7B1D4CC2CCAC8FE007B03F5 /* Helpers */ = {
			isa = PBXGroup;
			children = (
			);
			path = Helpers;
			sourceTree = "<group>";
		};
/* End PBXGroup section */

/* Begin PBXNativeTarget section */
		A7B1D4AB2CCAACDA007B03F5 /* Weatheringo */ = {
			isa = PBXNativeTarget;
			buildConfigurationList = A7B1D4BA2CCAACDB007B03F5 /* Build configuration list for PBXNativeTarget "Weatheringo" */;
			buildPhases = (
				A7B1D4A82CCAACDA007B03F5 /* Sources */,
				A7B1D4A92CCAACDA007B03F5 /* Frameworks */,
				A7B1D4AA2CCAACDA007B03F5 /* Resources */,
			);
			buildRules = (
			);
			dependencies = (
			);
			name = Weatheringo;
			productName = Weatheringo;
			productReference = A7B1D4AC2CCAACDA007B03F5 /* Weatheringo.app */;
			productType = "com.apple.product-type.application";
		};
/* End PBXNativeTarget section */

/* Begin PBXProject section */
		A7B1D4A42CCAACDA007B03F5 /* Project object */ = {
			isa = PBXProject;
			attributes = {
				BuildIndependentTargetsInParallel = 1;
				LastSwiftUpdateCheck = 1540;
				LastUpgradeCheck = 1540;
				TargetAttributes = {
					A7B1D4AB2CCAACDA007B03F5 = {
						CreatedOnToolsVersion = 15.4;
					};
				};
			};
			buildConfigurationList = A7B1D4A72CCAACDA007B03F5 /* Build configuration list for PBXProject "Weatheringo" */;
			compatibilityVersion = "Xcode 14.0";
			developmentRegion = en;
			hasScannedForEncodings = 0;
			knownRegions = (
				en,
				Base,
			);
			mainGroup = A7B1D4A32CCAACDA007B03F5;
			productRefGroup = A7B1D4AD2CCAACDA007B03F5 /* Products */;
			projectDirPath = "";
			projectRoot = "";
			targets = (
				A7B1D4AB2CCAACDA007B03F5 /* Weatheringo */,
			);
		};
/* End PBXProject section */

/* Begin PBXResourcesBuildPhase section */
		A7B1D4AA2CCAACDA007B03F5 /* Resources */ = {
			isa = PBXResourcesBuildPhase;
			buildActionMask = 2147483647;
			files = (
				A7B1D4B72CCAACDB007B03F5 /* Preview Assets.xcassets in Resources */,
				A7B1D4B42CCAACDB007B03F5 /* Assets.xcassets in Resources */,
			);
			runOnlyForDeploymentPostprocessing = 0;
		};
/* End PBXResourcesBuildPhase section */

/* Begin PBXSourcesBuildPhase section */
		A7B1D4A82CCAACDA007B03F5 /* Sources */ = {
			isa = PBXSourcesBuildPhase;
			buildActionMask = 2147483647;
			files = (
				A7B1D4C72CCAAF14007B03F5 /* NetworkManager.swift in Sources */,
				A7B1D4BE2CCAADC0007B03F5 /* MainView.swift in Sources */,
				A7B1D4B02CCAACDA007B03F5 /* WeatheringoApp.swift in Sources */,
				A77D113A2CD115C000C040BB /* NetworkError.swift in Sources */,
				A7EA91942CD15EE8003A7580 /* CurrentWeatherView.swift in Sources */,
				A7B1D4C02CCAAE94007B03F5 /* MainViewModel.swift in Sources */,
				A7B1D4CB2CCAC67C007B03F5 /* WeatherForecast.swift in Sources */,
				A71F10A92CD252540091701F /* FutureForecastView.swift in Sources */,
				A7EA91962CD1650C003A7580 /* DailyWeatherView.swift in Sources */,
			);
			runOnlyForDeploymentPostprocessing = 0;
		};
/* End PBXSourcesBuildPhase section */

/* Begin XCBuildConfiguration section */
		A7B1D4B82CCAACDB007B03F5 /* Debug */ = {
			isa = XCBuildConfiguration;
			buildSettings = {
				ALWAYS_SEARCH_USER_PATHS = NO;
				ASSETCATALOG_COMPILER_GENERATE_SWIFT_ASSET_SYMBOL_EXTENSIONS = YES;
				CLANG_ANALYZER_NONNULL = YES;
				CLANG_ANALYZER_NUMBER_OBJECT_CONVERSION = YES_AGGRESSIVE;
				CLANG_CXX_LANGUAGE_STANDARD = "gnu++20";
				CLANG_ENABLE_MODULES = YES;
				CLANG_ENABLE_OBJC_ARC = YES;
				CLANG_ENABLE_OBJC_WEAK = YES;
				CLANG_WARN_BLOCK_CAPTURE_AUTORELEASING = YES;
				CLANG_WARN_BOOL_CONVERSION = YES;
				CLANG_WARN_COMMA = YES;
				CLANG_WARN_CONSTANT_CONVERSION = YES;
				CLANG_WARN_DEPRECATED_OBJC_IMPLEMENTATIONS = YES;
				CLANG_WARN_DIRECT_OBJC_ISA_USAGE = YES_ERROR;
				CLANG_WARN_DOCUMENTATION_COMMENTS = YES;
				CLANG_WARN_EMPTY_BODY = YES;
				CLANG_WARN_ENUM_CONVERSION = YES;
				CLANG_WARN_INFINITE_RECURSION = YES;
				CLANG_WARN_INT_CONVERSION = YES;
				CLANG_WARN_NON_LITERAL_NULL_CONVERSION = YES;
				CLANG_WARN_OBJC_IMPLICIT_RETAIN_SELF = YES;
				CLANG_WARN_OBJC_LITERAL_CONVERSION = YES;
				CLANG_WARN_OBJC_ROOT_CLASS = YES_ERROR;
				CLANG_WARN_QUOTED_INCLUDE_IN_FRAMEWORK_HEADER = YES;
				CLANG_WARN_RANGE_LOOP_ANALYSIS = YES;
				CLANG_WARN_STRICT_PROTOTYPES = YES;
				CLANG_WARN_SUSPICIOUS_MOVE = YES;
				CLANG_WARN_UNGUARDED_AVAILABILITY = YES_AGGRESSIVE;
				CLANG_WARN_UNREACHABLE_CODE = YES;
				CLANG_WARN__DUPLICATE_METHOD_MATCH = YES;
				COPY_PHASE_STRIP = NO;
				DEBUG_INFORMATION_FORMAT = dwarf;
				ENABLE_STRICT_OBJC_MSGSEND = YES;
				ENABLE_TESTABILITY = YES;
				ENABLE_USER_SCRIPT_SANDBOXING = YES;
				GCC_C_LANGUAGE_STANDARD = gnu17;
				GCC_DYNAMIC_NO_PIC = NO;
				GCC_NO_COMMON_BLOCKS = YES;
				GCC_OPTIMIZATION_LEVEL = 0;
				GCC_PREPROCESSOR_DEFINITIONS = (
					"DEBUG=1",
					"$(inherited)",
				);
				GCC_WARN_64_TO_32_BIT_CONVERSION = YES;
				GCC_WARN_ABOUT_RETURN_TYPE = YES_ERROR;
				GCC_WARN_UNDECLARED_SELECTOR = YES;
				GCC_WARN_UNINITIALIZED_AUTOS = YES_AGGRESSIVE;
				GCC_WARN_UNUSED_FUNCTION = YES;
				GCC_WARN_UNUSED_VARIABLE = YES;
				IPHONEOS_DEPLOYMENT_TARGET = 17.5;
				LOCALIZATION_PREFERS_STRING_CATALOGS = YES;
				MTL_ENABLE_DEBUG_INFO = INCLUDE_SOURCE;
				MTL_FAST_MATH = YES;
				ONLY_ACTIVE_ARCH = YES;
				SDKROOT = iphoneos;
				SWIFT_ACTIVE_COMPILATION_CONDITIONS = "DEBUG $(inherited)";
				SWIFT_OPTIMIZATION_LEVEL = "-Onone";
			};
			name = Debug;
		};
		A7B1D4B92CCAACDB007B03F5 /* Release */ = {
			isa = XCBuildConfiguration;
			buildSettings = {
				ALWAYS_SEARCH_USER_PATHS = NO;
				ASSETCATALOG_COMPILER_GENERATE_SWIFT_ASSET_SYMBOL_EXTENSIONS = YES;
				CLANG_ANALYZER_NONNULL = YES;
				CLANG_ANALYZER_NUMBER_OBJECT_CONVERSION = YES_AGGRESSIVE;
				CLANG_CXX_LANGUAGE_STANDARD = "gnu++20";
				CLANG_ENABLE_MODULES = YES;
				CLANG_ENABLE_OBJC_ARC = YES;
				CLANG_ENABLE_OBJC_WEAK = YES;
				CLANG_WARN_BLOCK_CAPTURE_AUTORELEASING = YES;
				CLANG_WARN_BOOL_CONVERSION = YES;
				CLANG_WARN_COMMA = YES;
				CLANG_WARN_CONSTANT_CONVERSION = YES;
				CLANG_WARN_DEPRECATED_OBJC_IMPLEMENTATIONS = YES;
				CLANG_WARN_DIRECT_OBJC_ISA_USAGE = YES_ERROR;
				CLANG_WARN_DOCUMENTATION_COMMENTS = YES;
				CLANG_WARN_EMPTY_BODY = YES;
				CLANG_WARN_ENUM_CONVERSION = YES;
				CLANG_WARN_INFINITE_RECURSION = YES;
				CLANG_WARN_INT_CONVERSION = YES;
				CLANG_WARN_NON_LITERAL_NULL_CONVERSION = YES;
				CLANG_WARN_OBJC_IMPLICIT_RETAIN_SELF = YES;
				CLANG_WARN_OBJC_LITERAL_CONVERSION = YES;
				CLANG_WARN_OBJC_ROOT_CLASS = YES_ERROR;
				CLANG_WARN_QUOTED_INCLUDE_IN_FRAMEWORK_HEADER = YES;
				CLANG_WARN_RANGE_LOOP_ANALYSIS = YES;
				CLANG_WARN_STRICT_PROTOTYPES = YES;
				CLANG_WARN_SUSPICIOUS_MOVE = YES;
				CLANG_WARN_UNGUARDED_AVAILABILITY = YES_AGGRESSIVE;
				CLANG_WARN_UNREACHABLE_CODE = YES;
				CLANG_WARN__DUPLICATE_METHOD_MATCH = YES;
				COPY_PHASE_STRIP = NO;
				DEBUG_INFORMATION_FORMAT = "dwarf-with-dsym";
				ENABLE_NS_ASSERTIONS = NO;
				ENABLE_STRICT_OBJC_MSGSEND = YES;
				ENABLE_USER_SCRIPT_SANDBOXING = YES;
				GCC_C_LANGUAGE_STANDARD = gnu17;
				GCC_NO_COMMON_BLOCKS = YES;
				GCC_WARN_64_TO_32_BIT_CONVERSION = YES;
				GCC_WARN_ABOUT_RETURN_TYPE = YES_ERROR;
				GCC_WARN_UNDECLARED_SELECTOR = YES;
				GCC_WARN_UNINITIALIZED_AUTOS = YES_AGGRESSIVE;
				GCC_WARN_UNUSED_FUNCTION = YES;
				GCC_WARN_UNUSED_VARIABLE = YES;
				IPHONEOS_DEPLOYMENT_TARGET = 17.5;
				LOCALIZATION_PREFERS_STRING_CATALOGS = YES;
				MTL_ENABLE_DEBUG_INFO = NO;
				MTL_FAST_MATH = YES;
				SDKROOT = iphoneos;
				SWIFT_COMPILATION_MODE = wholemodule;
				VALIDATE_PRODUCT = YES;
			};
			name = Release;
		};
		A7B1D4BB2CCAACDB007B03F5 /* Debug */ = {
			isa = XCBuildConfiguration;
			buildSettings = {
				ASSETCATALOG_COMPILER_APPICON_NAME = AppIcon;
				ASSETCATALOG_COMPILER_GLOBAL_ACCENT_COLOR_NAME = AccentColor;
				CODE_SIGN_STYLE = Automatic;
				CURRENT_PROJECT_VERSION = 1;
				DEVELOPMENT_ASSET_PATHS = "\"Weatheringo/Preview Content\"";
				DEVELOPMENT_TEAM = 43X8U5HZ8Y;
				ENABLE_PREVIEWS = YES;
				GENERATE_INFOPLIST_FILE = YES;
				INFOPLIST_FILE = Weatheringo/Info.plist;
				INFOPLIST_KEY_UIApplicationSceneManifest_Generation = YES;
				INFOPLIST_KEY_UIApplicationSupportsIndirectInputEvents = YES;
				INFOPLIST_KEY_UILaunchScreen_Generation = YES;
				INFOPLIST_KEY_UISupportedInterfaceOrientations = UIInterfaceOrientationPortrait;
				LD_RUNPATH_SEARCH_PATHS = (
					"$(inherited)",
					"@executable_path/Frameworks",
				);
				MARKETING_VERSION = 1.0;
				PRODUCT_BUNDLE_IDENTIFIER = com.vadymkononenko.Weatheringo;
				PRODUCT_NAME = "$(TARGET_NAME)";
				SWIFT_EMIT_LOC_STRINGS = YES;
				SWIFT_VERSION = 5.0;
				TARGETED_DEVICE_FAMILY = "1,2";
			};
			name = Debug;
		};
		A7B1D4BC2CCAACDB007B03F5 /* Release */ = {
			isa = XCBuildConfiguration;
			buildSettings = {
				ASSETCATALOG_COMPILER_APPICON_NAME = AppIcon;
				ASSETCATALOG_COMPILER_GLOBAL_ACCENT_COLOR_NAME = AccentColor;
				CODE_SIGN_STYLE = Automatic;
				CURRENT_PROJECT_VERSION = 1;
				DEVELOPMENT_ASSET_PATHS = "\"Weatheringo/Preview Content\"";
				DEVELOPMENT_TEAM = 43X8U5HZ8Y;
				ENABLE_PREVIEWS = YES;
				GENERATE_INFOPLIST_FILE = YES;
				INFOPLIST_FILE = Weatheringo/Info.plist;
				INFOPLIST_KEY_UIApplicationSceneManifest_Generation = YES;
				INFOPLIST_KEY_UIApplicationSupportsIndirectInputEvents = YES;
				INFOPLIST_KEY_UILaunchScreen_Generation = YES;
				INFOPLIST_KEY_UISupportedInterfaceOrientations = UIInterfaceOrientationPortrait;
				LD_RUNPATH_SEARCH_PATHS = (
					"$(inherited)",
					"@executable_path/Frameworks",
				);
				MARKETING_VERSION = 1.0;
				PRODUCT_BUNDLE_IDENTIFIER = com.vadymkononenko.Weatheringo;
				PRODUCT_NAME = "$(TARGET_NAME)";
				SWIFT_EMIT_LOC_STRINGS = YES;
				SWIFT_VERSION = 5.0;
				TARGETED_DEVICE_FAMILY = "1,2";
			};
			name = Release;
		};
/* End XCBuildConfiguration section */

/* Begin XCConfigurationList section */
		A7B1D4A72CCAACDA007B03F5 /* Build configuration list for PBXProject "Weatheringo" */ = {
			isa = XCConfigurationList;
			buildConfigurations = (
				A7B1D4B82CCAACDB007B03F5 /* Debug */,
				A7B1D4B92CCAACDB007B03F5 /* Release */,
			);
			defaultConfigurationIsVisible = 0;
			defaultConfigurationName = Release;
		};
		A7B1D4BA2CCAACDB007B03F5 /* Build configuration list for PBXNativeTarget "Weatheringo" */ = {
			isa = XCConfigurationList;
			buildConfigurations = (
				A7B1D4BB2CCAACDB007B03F5 /* Debug */,
				A7B1D4BC2CCAACDB007B03F5 /* Release */,
			);
			defaultConfigurationIsVisible = 0;
			defaultConfigurationName = Release;
		};
/* End XCConfigurationList section */
	};
	rootObject = A7B1D4A42CCAACDA007B03F5 /* Project object */;
}
